
Microsoft Visual Studio Solution File, Format Version 12.00
# Visual Studio 14
VisualStudioVersion = 14.0.25123.0
MinimumVisualStudioVersion = 10.0.40219.1
Project("{8BC9CEB8-8B4A-11D0-8D11-00A0C91BC942}") = "ProgKoCUDA", "ProgKoCUDA\ProgKoCUDA.vcxproj", "{D1A30337-3D98-4910-B1E1-E8F45EE9BE41}"
EndProject
Global
	GlobalSection(SolutionConfigurationPlatforms) = preSolution
		Debug|x64 = Debug|x64
		Release|x64 = Release|x64
	EndGlobalSection
	GlobalSection(ProjectConfigurationPlatforms) = postSolution
		{D1A30337-3D98-4910-B1E1-E8F45EE9BE41}.Debug|x64.ActiveCfg = Debug|x64
		{D1A30337-3D98-4910-B1E1-E8F45EE9BE41}.Debug|x64.Build.0 = Debug|x64
		{D1A30337-3D98-4910-B1E1-E8F45EE9BE41}.Release|x64.ActiveCfg = Release|x64
		{D1A30337-3D98-4910-B1E1-E8F45EE9BE41}.Release|x64.Build.0 = Release|x64
	EndGlobalSection
	GlobalSection(SolutionProperties) = preSolution
		HideSolutionNode = FALSE
	EndGlobalSection
EndGlobal
